
Microsoft Visual Studio Solution File, Format Version 12.00
# Visual Studio Version 17
VisualStudioVersion = 17.14.36414.22
MinimumVisualStudioVersion = 10.0.40219.1
Project("{2150E333-8FDC-42A3-9474-1A3956D46DE8}") = "Task0", "Task0", "{02EA681E-C7D8-13C7-8484-4AC65E1B71E8}"
EndProject
Project("{FAE04EC0-301F-11D3-BF4B-00C04F79EFBC}") = "Tyuiu.MolkovIS.Sprint1.Task0.V8", "Tyuiu.MolkovIS.Sprint1.Task0.V8\Tyuiu.MolkovIS.Sprint1.Task0.V8.csproj", "{1E89C3DE-8926-4005-A8D6-5A886FAEEB6F}"
EndProject
Project("{FAE04EC0-301F-11D3-BF4B-00C04F79EFBC}") = "Tyuiu.MolkovIS.Sprint1.Task0.V8.Test", "Tyuiu.MolkovIS.Sprint1.Task0.V8.Test\Tyuiu.MolkovIS.Sprint1.Task0.V8.Test.csproj", "{F1C42B0A-B522-41DF-8FEC-65FD16B82F71}"
EndProject
Project("{FAE04EC0-301F-11D3-BF4B-00C04F79EFBC}") = "Tyuiu.MolkovIS.Sprint1.Task0.V8.Lib", "Tyuiu.MolkovIS.Sprint1.Task0.V8.Lib\Tyuiu.MolkovIS.Sprint1.Task0.V8.Lib.csproj", "{9E2698BD-19A7-4EA5-BFC9-EA5F07CF24E9}"
EndProject
Project("{2150E333-8FDC-42A3-9474-1A3956D46DE8}") = "Task1", "Task1", "{BAFECE04-B0F0-4A84-8D8C-7CCB05C75F07}"
EndProject
Project("{FAE04EC0-301F-11D3-BF4B-00C04F79EFBC}") = "Tyuiu.MolkovIS.Sprint1.Task1.V12.Lib", "Tyuiu.MolkovIS.Sprint1.Task1.V12.Lib\Tyuiu.MolkovIS.Sprint1.Task1.V12.Lib.csproj", "{810B7C89-006E-43A2-B1A6-4D4A12DBE341}"
EndProject
Project("{FAE04EC0-301F-11D3-BF4B-00C04F79EFBC}") = "Tyuiu.MolkovIS.Sprint1.Task1.V12.Test", "Tyuiu.MolkovIS.Sprint1.Task1.V12.Test\Tyuiu.MolkovIS.Sprint1.Task1.V12.Test.csproj", "{5DC2ACA6-89FE-490C-9BA5-E1CBBD4B18F1}"
EndProject
Project("{FAE04EC0-301F-11D3-BF4B-00C04F79EFBC}") = "Tyuiu.MolkovIS.Sprint1.Task1.V12", "Tyuiu.MolkovIS.Sprint1.Task1.V12\Tyuiu.MolkovIS.Sprint1.Task1.V12.csproj", "{4CA06F84-1FE1-48D0-B7EA-753D28B51151}"
EndProject
Project("{2150E333-8FDC-42A3-9474-1A3956D46DE8}") = "Task2", "Task2", "{7056DBD5-D7E2-43C5-A68D-62FF66184868}"
EndProject
Project("{FAE04EC0-301F-11D3-BF4B-00C04F79EFBC}") = "Tyuiu.MolkovIS.Sprint1.Task2.V16.Lib", "Tyuiu.MolkovIS.Sprint1.Task2.V16.Lib\Tyuiu.MolkovIS.Sprint1.Task2.V16.Lib.csproj", "{4AD70FF4-206A-4746-AD67-D29DD76E272A}"
EndProject
Project("{FAE04EC0-301F-11D3-BF4B-00C04F79EFBC}") = "Tyuiu.MolkovIS.Sprint1.Task2.V16.Test", "Tyuiu.MolkovIS.Sprint1.Task2.V16.Test\Tyuiu.MolkovIS.Sprint1.Task2.V16.Test.csproj", "{05103CCE-4C43-4986-8C9E-9FD12E7762F2}"
EndProject
Project("{FAE04EC0-301F-11D3-BF4B-00C04F79EFBC}") = "Tyuiu.MolkovIS.Sprint1.Task2.V16", "Tyuiu.MolkovIS.Sprint1.Task2.V16\Tyuiu.MolkovIS.Sprint1.Task2.V16.csproj", "{7CC848FA-297A-4AAC-82C6-662FB0E8FCC8}"
EndProject
Project("{2150E333-8FDC-42A3-9474-1A3956D46DE8}") = "Task3", "Task3", "{00576D8E-D812-41F7-9066-699FD7C37252}"
EndProject
Project("{FAE04EC0-301F-11D3-BF4B-00C04F79EFBC}") = "Tyuiu.MolkovIS.Sprint1.Task3.V17", "Tyuiu.MolkovIS.Sprint1.Task3.V17\Tyuiu.MolkovIS.Sprint1.Task3.V17.csproj", "{931F1EBE-C2C3-48D9-AF3F-4670C0FD10BA}"
EndProject
Project("{FAE04EC0-301F-11D3-BF4B-00C04F79EFBC}") = "Tyuiu.MolkovIS.Sprint1.Task3.V17.Test", "Tyuiu.MolkovIS.Sprint1.Task3.V17.Test\Tyuiu.MolkovIS.Sprint1.Task3.V17.Test.csproj", "{7277FB6E-C18E-4218-8BA2-AF87C56C853D}"
EndProject
Project("{FAE04EC0-301F-11D3-BF4B-00C04F79EFBC}") = "Tyuiu.MolkovIS.Sprint1.Task3.V17.Lib", "Tyuiu.MolkovIS.Sprint1.Task3.V17.Lib\Tyuiu.MolkovIS.Sprint1.Task3.V17.Lib.csproj", "{F8F21730-1AA2-426D-9D86-4CF3125F434A}"
EndProject
Project("{2150E333-8FDC-42A3-9474-1A3956D46DE8}") = "Task5", "Task5", "{7F6735AE-2344-4388-B5DE-3F4EAEF70569}"
EndProject
Project("{FAE04EC0-301F-11D3-BF4B-00C04F79EFBC}") = "Tyuiu.MolkovIS.Sprint1.Task5.V27", "Tyuiu.MolkovIS.Sprint1.Task5.V27\Tyuiu.MolkovIS.Sprint1.Task5.V27.csproj", "{61D11264-7E22-4E9C-9E01-D78CDE66E9AE}"
EndProject
Project("{FAE04EC0-301F-11D3-BF4B-00C04F79EFBC}") = "Tyuiu.MolkovIS.Sprint1.Task5.V27.Lib", "Tyuiu.MolkovIS.Sprint1.Task5.V27.Lib\Tyuiu.MolkovIS.Sprint1.Task5.V27.Lib.csproj", "{55E8A597-A2D1-4F2E-A32F-D0D7268B51FE}"
EndProject
Project("{FAE04EC0-301F-11D3-BF4B-00C04F79EFBC}") = "Tyuiu.MolkovIS.Sprint1.Task5.V27.Test", "Tyuiu.MolkovIS.Sprint1.Task5.V27.Test\Tyuiu.MolkovIS.Sprint1.Task5.V27.Test.csproj", "{5A481544-9F56-4E62-98AA-F2B7B45501E5}"
EndProject
Global
	GlobalSection(SolutionConfigurationPlatforms) = preSolution
		Debug|Any CPU = Debug|Any CPU
		Release|Any CPU = Release|Any CPU
	EndGlobalSection
	GlobalSection(ProjectConfigurationPlatforms) = postSolution
		{1E89C3DE-8926-4005-A8D6-5A886FAEEB6F}.Debug|Any CPU.ActiveCfg = Debug|Any CPU
		{1E89C3DE-8926-4005-A8D6-5A886FAEEB6F}.Debug|Any CPU.Build.0 = Debug|Any CPU
		{1E89C3DE-8926-4005-A8D6-5A886FAEEB6F}.Release|Any CPU.ActiveCfg = Release|Any CPU
		{1E89C3DE-8926-4005-A8D6-5A886FAEEB6F}.Release|Any CPU.Build.0 = Release|Any CPU
		{F1C42B0A-B522-41DF-8FEC-65FD16B82F71}.Debug|Any CPU.ActiveCfg = Debug|Any CPU
		{F1C42B0A-B522-41DF-8FEC-65FD16B82F71}.Debug|Any CPU.Build.0 = Debug|Any CPU
		{F1C42B0A-B522-41DF-8FEC-65FD16B82F71}.Release|Any CPU.ActiveCfg = Release|Any CPU
		{F1C42B0A-B522-41DF-8FEC-65FD16B82F71}.Release|Any CPU.Build.0 = Release|Any CPU
		{9E2698BD-19A7-4EA5-BFC9-EA5F07CF24E9}.Debug|Any CPU.ActiveCfg = Debug|Any CPU
		{9E2698BD-19A7-4EA5-BFC9-EA5F07CF24E9}.Debug|Any CPU.Build.0 = Debug|Any CPU
		{9E2698BD-19A7-4EA5-BFC9-EA5F07CF24E9}.Release|Any CPU.ActiveCfg = Release|Any CPU
		{9E2698BD-19A7-4EA5-BFC9-EA5F07CF24E9}.Release|Any CPU.Build.0 = Release|Any CPU
		{810B7C89-006E-43A2-B1A6-4D4A12DBE341}.Debug|Any CPU.ActiveCfg = Debug|Any CPU
		{810B7C89-006E-43A2-B1A6-4D4A12DBE341}.Debug|Any CPU.Build.0 = Debug|Any CPU
		{810B7C89-006E-43A2-B1A6-4D4A12DBE341}.Release|Any CPU.ActiveCfg = Release|Any CPU
		{810B7C89-006E-43A2-B1A6-4D4A12DBE341}.Release|Any CPU.Build.0 = Release|Any CPU
		{5DC2ACA6-89FE-490C-9BA5-E1CBBD4B18F1}.Debug|Any CPU.ActiveCfg = Debug|Any CPU
		{5DC2ACA6-89FE-490C-9BA5-E1CBBD4B18F1}.Debug|Any CPU.Build.0 = Debug|Any CPU
		{5DC2ACA6-89FE-490C-9BA5-E1CBBD4B18F1}.Release|Any CPU.ActiveCfg = Release|Any CPU
		{5DC2ACA6-89FE-490C-9BA5-E1CBBD4B18F1}.Release|Any CPU.Build.0 = Release|Any CPU
		{4CA06F84-1FE1-48D0-B7EA-753D28B51151}.Debug|Any CPU.ActiveCfg = Debug|Any CPU
		{4CA06F84-1FE1-48D0-B7EA-753D28B51151}.Debug|Any CPU.Build.0 = Debug|Any CPU
		{4CA06F84-1FE1-48D0-B7EA-753D28B51151}.Release|Any CPU.ActiveCfg = Release|Any CPU
		{4CA06F84-1FE1-48D0-B7EA-753D28B51151}.Release|Any CPU.Build.0 = Release|Any CPU
		{4AD70FF4-206A-4746-AD67-D29DD76E272A}.Debug|Any CPU.ActiveCfg = Debug|Any CPU
		{4AD70FF4-206A-4746-AD67-D29DD76E272A}.Debug|Any CPU.Build.0 = Debug|Any CPU
		{4AD70FF4-206A-4746-AD67-D29DD76E272A}.Release|Any CPU.ActiveCfg = Release|Any CPU
		{4AD70FF4-206A-4746-AD67-D29DD76E272A}.Release|Any CPU.Build.0 = Release|Any CPU
		{05103CCE-4C43-4986-8C9E-9FD12E7762F2}.Debug|Any CPU.ActiveCfg = Debug|Any CPU
		{05103CCE-4C43-4986-8C9E-9FD12E7762F2}.Debug|Any CPU.Build.0 = Debug|Any CPU
		{05103CCE-4C43-4986-8C9E-9FD12E7762F2}.Release|Any CPU.ActiveCfg = Release|Any CPU
		{05103CCE-4C43-4986-8C9E-9FD12E7762F2}.Release|Any CPU.Build.0 = Release|Any CPU
		{7CC848FA-297A-4AAC-82C6-662FB0E8FCC8}.Debug|Any CPU.ActiveCfg = Debug|Any CPU
		{7CC848FA-297A-4AAC-82C6-662FB0E8FCC8}.Debug|Any CPU.Build.0 = Debug|Any CPU
		{7CC848FA-297A-4AAC-82C6-662FB0E8FCC8}.Release|Any CPU.ActiveCfg = Release|Any CPU
		{7CC848FA-297A-4AAC-82C6-662FB0E8FCC8}.Release|Any CPU.Build.0 = Release|Any CPU
		{931F1EBE-C2C3-48D9-AF3F-4670C0FD10BA}.Debug|Any CPU.ActiveCfg = Debug|Any CPU
		{931F1EBE-C2C3-48D9-AF3F-4670C0FD10BA}.Debug|Any CPU.Build.0 = Debug|Any CPU
		{931F1EBE-C2C3-48D9-AF3F-4670C0FD10BA}.Release|Any CPU.ActiveCfg = Release|Any CPU
		{931F1EBE-C2C3-48D9-AF3F-4670C0FD10BA}.Release|Any CPU.Build.0 = Release|Any CPU
		{7277FB6E-C18E-4218-8BA2-AF87C56C853D}.Debug|Any CPU.ActiveCfg = Debug|Any CPU
		{7277FB6E-C18E-4218-8BA2-AF87C56C853D}.Debug|Any CPU.Build.0 = Debug|Any CPU
		{7277FB6E-C18E-4218-8BA2-AF87C56C853D}.Release|Any CPU.ActiveCfg = Release|Any CPU
		{7277FB6E-C18E-4218-8BA2-AF87C56C853D}.Release|Any CPU.Build.0 = Release|Any CPU
		{F8F21730-1AA2-426D-9D86-4CF3125F434A}.Debug|Any CPU.ActiveCfg = Debug|Any CPU
		{F8F21730-1AA2-426D-9D86-4CF3125F434A}.Debug|Any CPU.Build.0 = Debug|Any CPU
		{F8F21730-1AA2-426D-9D86-4CF3125F434A}.Release|Any CPU.ActiveCfg = Release|Any CPU
		{F8F21730-1AA2-426D-9D86-4CF3125F434A}.Release|Any CPU.Build.0 = Release|Any CPU
		{61D11264-7E22-4E9C-9E01-D78CDE66E9AE}.Debug|Any CPU.ActiveCfg = Debug|Any CPU
		{61D11264-7E22-4E9C-9E01-D78CDE66E9AE}.Debug|Any CPU.Build.0 = Debug|Any CPU
		{61D11264-7E22-4E9C-9E01-D78CDE66E9AE}.Release|Any CPU.ActiveCfg = Release|Any CPU
		{61D11264-7E22-4E9C-9E01-D78CDE66E9AE}.Release|Any CPU.Build.0 = Release|Any CPU
		{55E8A597-A2D1-4F2E-A32F-D0D7268B51FE}.Debug|Any CPU.ActiveCfg = Debug|Any CPU
		{55E8A597-A2D1-4F2E-A32F-D0D7268B51FE}.Debug|Any CPU.Build.0 = Debug|Any CPU
		{55E8A597-A2D1-4F2E-A32F-D0D7268B51FE}.Release|Any CPU.ActiveCfg = Release|Any CPU
		{55E8A597-A2D1-4F2E-A32F-D0D7268B51FE}.Release|Any CPU.Build.0 = Release|Any CPU
		{5A481544-9F56-4E62-98AA-F2B7B45501E5}.Debug|Any CPU.ActiveCfg = Debug|Any CPU
		{5A481544-9F56-4E62-98AA-F2B7B45501E5}.Debug|Any CPU.Build.0 = Debug|Any CPU
		{5A481544-9F56-4E62-98AA-F2B7B45501E5}.Release|Any CPU.ActiveCfg = Release|Any CPU
		{5A481544-9F56-4E62-98AA-F2B7B45501E5}.Release|Any CPU.Build.0 = Release|Any CPU
	EndGlobalSection
	GlobalSection(SolutionProperties) = preSolution
		HideSolutionNode = FALSE
	EndGlobalSection
	GlobalSection(NestedProjects) = preSolution
		{1E89C3DE-8926-4005-A8D6-5A886FAEEB6F} = {02EA681E-C7D8-13C7-8484-4AC65E1B71E8}
		{F1C42B0A-B522-41DF-8FEC-65FD16B82F71} = {02EA681E-C7D8-13C7-8484-4AC65E1B71E8}
		{9E2698BD-19A7-4EA5-BFC9-EA5F07CF24E9} = {02EA681E-C7D8-13C7-8484-4AC65E1B71E8}
		{810B7C89-006E-43A2-B1A6-4D4A12DBE341} = {BAFECE04-B0F0-4A84-8D8C-7CCB05C75F07}
		{5DC2ACA6-89FE-490C-9BA5-E1CBBD4B18F1} = {BAFECE04-B0F0-4A84-8D8C-7CCB05C75F07}
		{4CA06F84-1FE1-48D0-B7EA-753D28B51151} = {BAFECE04-B0F0-4A84-8D8C-7CCB05C75F07}
		{4AD70FF4-206A-4746-AD67-D29DD76E272A} = {7056DBD5-D7E2-43C5-A68D-62FF66184868}
		{05103CCE-4C43-4986-8C9E-9FD12E7762F2} = {7056DBD5-D7E2-43C5-A68D-62FF66184868}
		{7CC848FA-297A-4AAC-82C6-662FB0E8FCC8} = {7056DBD5-D7E2-43C5-A68D-62FF66184868}
		{931F1EBE-C2C3-48D9-AF3F-4670C0FD10BA} = {00576D8E-D812-41F7-9066-699FD7C37252}
		{7277FB6E-C18E-4218-8BA2-AF87C56C853D} = {00576D8E-D812-41F7-9066-699FD7C37252}
		{F8F21730-1AA2-426D-9D86-4CF3125F434A} = {00576D8E-D812-41F7-9066-699FD7C37252}
		{61D11264-7E22-4E9C-9E01-D78CDE66E9AE} = {7F6735AE-2344-4388-B5DE-3F4EAEF70569}
		{55E8A597-A2D1-4F2E-A32F-D0D7268B51FE} = {7F6735AE-2344-4388-B5DE-3F4EAEF70569}
		{5A481544-9F56-4E62-98AA-F2B7B45501E5} = {7F6735AE-2344-4388-B5DE-3F4EAEF70569}
	EndGlobalSection
	GlobalSection(ExtensibilityGlobals) = postSolution
		SolutionGuid = {AB94981D-2ED5-4D7E-A7F7-38200EDF31D4}
	EndGlobalSection
EndGlobal
